
Microsoft Visual Studio Solution File, Format Version 12.00
# Visual Studio Version 16
VisualStudioVersion = 16.0.29613.14
MinimumVisualStudioVersion = 10.0.40219.1
Project("{FAE04EC0-301F-11D3-BF4B-00C04F79EFBC}") = "BackGroundManageSolution", "BackGroundManageSolution.csproj", "{09759E64-2D31-4111-B34E-C3E3EF0B781F}"
EndProject
Global
	GlobalSection(SolutionConfigurationPlatforms) = preSolution
		Debug|Any CPU = Debug|Any CPU
		Release|Any CPU = Release|Any CPU
	EndGlobalSection
	GlobalSection(ProjectConfigurationPlatforms) = postSolution
		{09759E64-2D31-4111-B34E-C3E3EF0B781F}.Debug|Any CPU.ActiveCfg = Debug|Any CPU
		{09759E64-2D31-4111-B34E-C3E3EF0B781F}.Debug|Any CPU.Build.0 = Debug|Any CPU
		{09759E64-2D31-4111-B34E-C3E3EF0B781F}.Release|Any CPU.ActiveCfg = Release|Any CPU
		{09759E64-2D31-4111-B34E-C3E3EF0B781F}.Release|Any CPU.Build.0 = Release|Any CPU
	EndGlobalSection
	GlobalSection(SolutionProperties) = preSolution
		HideSolutionNode = FALSE
	EndGlobalSection
	GlobalSection(ExtensibilityGlobals) = postSolution
		SolutionGuid = {BCAA791C-F565-480B-8453-0AD91E8C0BD7}
	EndGlobalSection
EndGlobal
